
Microsoft Visual Studio Solution File, Format Version 12.00
# Visual Studio Version 17
VisualStudioVersion = 17.5.33424.131
MinimumVisualStudioVersion = 10.0.40219.1
Project("{9A19103F-16F7-4668-BE54-9A1E7A4F7556}") = "MicroShop.Profile.Web", "MicroShop.Profile\MicroShop.Profile.Web.csproj", "{4CC8B7EC-6571-45E5-981B-29B8D2438E6C}"
EndProject
Project("{FAE04EC0-301F-11D3-BF4B-00C04F79EFBC}") = "MicroShop.Profile.Infrastructure", "MicroShop.Profile.Infrastructure\MicroShop.Profile.Infrastructure.csproj", "{7D43BFD7-1E13-473E-83C8-F81DAE20B39B}"
EndProject
Project("{FAE04EC0-301F-11D3-BF4B-00C04F79EFBC}") = "MicroShop.Profile.Domain", "MicroShop.Profile.Domain\MicroShop.Profile.Domain.csproj", "{8BDC8210-2731-413B-AE5E-05BCE28D050A}"
EndProject
Global
	GlobalSection(SolutionConfigurationPlatforms) = preSolution
		Debug|Any CPU = Debug|Any CPU
		Release|Any CPU = Release|Any CPU
	EndGlobalSection
	GlobalSection(ProjectConfigurationPlatforms) = postSolution
		{4CC8B7EC-6571-45E5-981B-29B8D2438E6C}.Debug|Any CPU.ActiveCfg = Debug|Any CPU
		{4CC8B7EC-6571-45E5-981B-29B8D2438E6C}.Debug|Any CPU.Build.0 = Debug|Any CPU
		{4CC8B7EC-6571-45E5-981B-29B8D2438E6C}.Release|Any CPU.ActiveCfg = Release|Any CPU
		{4CC8B7EC-6571-45E5-981B-29B8D2438E6C}.Release|Any CPU.Build.0 = Release|Any CPU
		{7D43BFD7-1E13-473E-83C8-F81DAE20B39B}.Debug|Any CPU.ActiveCfg = Debug|Any CPU
		{7D43BFD7-1E13-473E-83C8-F81DAE20B39B}.Debug|Any CPU.Build.0 = Debug|Any CPU
		{7D43BFD7-1E13-473E-83C8-F81DAE20B39B}.Release|Any CPU.ActiveCfg = Release|Any CPU
		{7D43BFD7-1E13-473E-83C8-F81DAE20B39B}.Release|Any CPU.Build.0 = Release|Any CPU
		{8BDC8210-2731-413B-AE5E-05BCE28D050A}.Debug|Any CPU.ActiveCfg = Debug|Any CPU
		{8BDC8210-2731-413B-AE5E-05BCE28D050A}.Debug|Any CPU.Build.0 = Debug|Any CPU
		{8BDC8210-2731-413B-AE5E-05BCE28D050A}.Release|Any CPU.ActiveCfg = Release|Any CPU
		{8BDC8210-2731-413B-AE5E-05BCE28D050A}.Release|Any CPU.Build.0 = Release|Any CPU
	EndGlobalSection
	GlobalSection(SolutionProperties) = preSolution
		HideSolutionNode = FALSE
	EndGlobalSection
	GlobalSection(ExtensibilityGlobals) = postSolution
		SolutionGuid = {A2FD9C21-6A43-42A2-B92F-2CF3C6F8D5FF}
	EndGlobalSection
EndGlobal
