
Microsoft Visual Studio Solution File, Format Version 12.00
# Visual Studio Version 17
VisualStudioVersion = 17.1.32210.238
MinimumVisualStudioVersion = 10.0.40219.1
Project("{2150E333-8FDC-42A3-9474-1A3956D46DE8}") = "Gateways", "Gateways", "{46DB2E2F-71E2-46AA-849D-60D47B4F3454}"
EndProject
Project("{2150E333-8FDC-42A3-9474-1A3956D46DE8}") = "Services", "Services", "{D9E8DAF4-0B56-4719-AAD4-0A43ED990CCF}"
EndProject
Project("{2150E333-8FDC-42A3-9474-1A3956D46DE8}") = "Applications", "Applications", "{FC4D2233-12FC-417B-93C9-5E4B655A243E}"
EndProject
Project("{9A19103F-16F7-4668-BE54-9A1E7A4F7556}") = "Web.Gateway", "ApiGateways\Web.Gateways\Web.Gateway.csproj", "{8EAB08D0-38F2-4477-93B6-E832F6D102F6}"
EndProject
Project("{2150E333-8FDC-42A3-9474-1A3956D46DE8}") = "Catalog", "Catalog", "{2C411A3A-9267-4F99-A3A1-AD550752A2C8}"
EndProject
Project("{2150E333-8FDC-42A3-9474-1A3956D46DE8}") = "Ordering", "Ordering", "{8794AD1D-1A74-4439-9F6F-96EEEBB7759E}"
EndProject
Project("{2150E333-8FDC-42A3-9474-1A3956D46DE8}") = "Basket", "Basket", "{46CB7D23-A4B9-476B-99F3-7311F582AF43}"
EndProject
Project("{FAE04EC0-301F-11D3-BF4B-00C04F79EFBC}") = "Catalog.Api", "Services\Catalog\Catalog.Api\Catalog.Api.csproj", "{ECE4FDC2-5363-40B1-AEEE-2B14ED32B56E}"
EndProject
Project("{FAE04EC0-301F-11D3-BF4B-00C04F79EFBC}") = "Catalog.Domain", "Services\Catalog\Catalog.Domain\Catalog.Domain.csproj", "{E02E9119-D848-4FF0-A5FB-6AED2462AAC4}"
EndProject
Project("{FAE04EC0-301F-11D3-BF4B-00C04F79EFBC}") = "Catalog.Application", "Services\Catalog\Catalog.Application\Catalog.Application.csproj", "{69554BA8-BF07-4241-8330-3101C90691B3}"
EndProject
Project("{FAE04EC0-301F-11D3-BF4B-00C04F79EFBC}") = "Catalog.Infrastructure", "Services\Catalog\Catalog.Infrastructure\Catalog.Infrastructure.csproj", "{1D9AC49C-6261-40B5-87B8-AD74EDF08C30}"
EndProject
Project("{2150E333-8FDC-42A3-9474-1A3956D46DE8}") = "Shared", "Shared", "{EF644272-2C13-4130-84EC-B18C6D09630C}"
EndProject
Project("{FAE04EC0-301F-11D3-BF4B-00C04F79EFBC}") = "Kernel", "Shared\Kernel\Kernel.csproj", "{CBD7EE3A-DDB6-4424-A16B-3200FA57C860}"
EndProject
Project("{FAE04EC0-301F-11D3-BF4B-00C04F79EFBC}") = "Basket.Api", "Services\Basket\Basket.Api\Basket.Api.csproj", "{00E313F3-C256-4457-A372-E1EB2F822992}"
EndProject
Project("{FAE04EC0-301F-11D3-BF4B-00C04F79EFBC}") = "Basket.Application", "Services\Basket\Basket.Application\Basket.Application.csproj", "{563D6243-16AF-4F12-8993-4968607B160D}"
EndProject
Project("{FAE04EC0-301F-11D3-BF4B-00C04F79EFBC}") = "Basket.Domain", "Services\Basket\Basket.Domain\Basket.Domain.csproj", "{72C40A32-F457-44AC-ADD1-2C19B8A12362}"
EndProject
Project("{FAE04EC0-301F-11D3-BF4B-00C04F79EFBC}") = "Basket.Infrastructure", "Services\Basket\Basket.Infrastructure\Basket.Infrastructure.csproj", "{F112F28E-EA15-4E93-9997-4307F2DD0FC2}"
EndProject
Project("{FAE04EC0-301F-11D3-BF4B-00C04F79EFBC}") = "Kernel.AspNet", "Shared\Kernel.AspNet\Kernel.AspNet.csproj", "{A0AB0EFC-7E7D-4CF1-A723-32CAAADF8204}"
EndProject
Project("{FAE04EC0-301F-11D3-BF4B-00C04F79EFBC}") = "Shop.Admin", "Applications\Shop.Admin\Shop.Admin.csproj", "{CD0B4681-07F3-49CE-8787-8EF3CEC4F7CF}"
EndProject
Global
	GlobalSection(SolutionConfigurationPlatforms) = preSolution
		Debug|Any CPU = Debug|Any CPU
		Release|Any CPU = Release|Any CPU
	EndGlobalSection
	GlobalSection(ProjectConfigurationPlatforms) = postSolution
		{8EAB08D0-38F2-4477-93B6-E832F6D102F6}.Debug|Any CPU.ActiveCfg = Debug|Any CPU
		{8EAB08D0-38F2-4477-93B6-E832F6D102F6}.Debug|Any CPU.Build.0 = Debug|Any CPU
		{8EAB08D0-38F2-4477-93B6-E832F6D102F6}.Release|Any CPU.ActiveCfg = Release|Any CPU
		{8EAB08D0-38F2-4477-93B6-E832F6D102F6}.Release|Any CPU.Build.0 = Release|Any CPU
		{ECE4FDC2-5363-40B1-AEEE-2B14ED32B56E}.Debug|Any CPU.ActiveCfg = Debug|Any CPU
		{ECE4FDC2-5363-40B1-AEEE-2B14ED32B56E}.Debug|Any CPU.Build.0 = Debug|Any CPU
		{ECE4FDC2-5363-40B1-AEEE-2B14ED32B56E}.Release|Any CPU.ActiveCfg = Release|Any CPU
		{ECE4FDC2-5363-40B1-AEEE-2B14ED32B56E}.Release|Any CPU.Build.0 = Release|Any CPU
		{E02E9119-D848-4FF0-A5FB-6AED2462AAC4}.Debug|Any CPU.ActiveCfg = Debug|Any CPU
		{E02E9119-D848-4FF0-A5FB-6AED2462AAC4}.Debug|Any CPU.Build.0 = Debug|Any CPU
		{E02E9119-D848-4FF0-A5FB-6AED2462AAC4}.Release|Any CPU.ActiveCfg = Release|Any CPU
		{E02E9119-D848-4FF0-A5FB-6AED2462AAC4}.Release|Any CPU.Build.0 = Release|Any CPU
		{69554BA8-BF07-4241-8330-3101C90691B3}.Debug|Any CPU.ActiveCfg = Debug|Any CPU
		{69554BA8-BF07-4241-8330-3101C90691B3}.Debug|Any CPU.Build.0 = Debug|Any CPU
		{69554BA8-BF07-4241-8330-3101C90691B3}.Release|Any CPU.ActiveCfg = Release|Any CPU
		{69554BA8-BF07-4241-8330-3101C90691B3}.Release|Any CPU.Build.0 = Release|Any CPU
		{1D9AC49C-6261-40B5-87B8-AD74EDF08C30}.Debug|Any CPU.ActiveCfg = Debug|Any CPU
		{1D9AC49C-6261-40B5-87B8-AD74EDF08C30}.Debug|Any CPU.Build.0 = Debug|Any CPU
		{1D9AC49C-6261-40B5-87B8-AD74EDF08C30}.Release|Any CPU.ActiveCfg = Release|Any CPU
		{1D9AC49C-6261-40B5-87B8-AD74EDF08C30}.Release|Any CPU.Build.0 = Release|Any CPU
		{CBD7EE3A-DDB6-4424-A16B-3200FA57C860}.Debug|Any CPU.ActiveCfg = Debug|Any CPU
		{CBD7EE3A-DDB6-4424-A16B-3200FA57C860}.Debug|Any CPU.Build.0 = Debug|Any CPU
		{CBD7EE3A-DDB6-4424-A16B-3200FA57C860}.Release|Any CPU.ActiveCfg = Release|Any CPU
		{CBD7EE3A-DDB6-4424-A16B-3200FA57C860}.Release|Any CPU.Build.0 = Release|Any CPU
		{00E313F3-C256-4457-A372-E1EB2F822992}.Debug|Any CPU.ActiveCfg = Debug|Any CPU
		{00E313F3-C256-4457-A372-E1EB2F822992}.Debug|Any CPU.Build.0 = Debug|Any CPU
		{00E313F3-C256-4457-A372-E1EB2F822992}.Release|Any CPU.ActiveCfg = Release|Any CPU
		{00E313F3-C256-4457-A372-E1EB2F822992}.Release|Any CPU.Build.0 = Release|Any CPU
		{563D6243-16AF-4F12-8993-4968607B160D}.Debug|Any CPU.ActiveCfg = Debug|Any CPU
		{563D6243-16AF-4F12-8993-4968607B160D}.Debug|Any CPU.Build.0 = Debug|Any CPU
		{563D6243-16AF-4F12-8993-4968607B160D}.Release|Any CPU.ActiveCfg = Release|Any CPU
		{563D6243-16AF-4F12-8993-4968607B160D}.Release|Any CPU.Build.0 = Release|Any CPU
		{72C40A32-F457-44AC-ADD1-2C19B8A12362}.Debug|Any CPU.ActiveCfg = Debug|Any CPU
		{72C40A32-F457-44AC-ADD1-2C19B8A12362}.Debug|Any CPU.Build.0 = Debug|Any CPU
		{72C40A32-F457-44AC-ADD1-2C19B8A12362}.Release|Any CPU.ActiveCfg = Release|Any CPU
		{72C40A32-F457-44AC-ADD1-2C19B8A12362}.Release|Any CPU.Build.0 = Release|Any CPU
		{F112F28E-EA15-4E93-9997-4307F2DD0FC2}.Debug|Any CPU.ActiveCfg = Debug|Any CPU
		{F112F28E-EA15-4E93-9997-4307F2DD0FC2}.Debug|Any CPU.Build.0 = Debug|Any CPU
		{F112F28E-EA15-4E93-9997-4307F2DD0FC2}.Release|Any CPU.ActiveCfg = Release|Any CPU
		{F112F28E-EA15-4E93-9997-4307F2DD0FC2}.Release|Any CPU.Build.0 = Release|Any CPU
		{A0AB0EFC-7E7D-4CF1-A723-32CAAADF8204}.Debug|Any CPU.ActiveCfg = Debug|Any CPU
		{A0AB0EFC-7E7D-4CF1-A723-32CAAADF8204}.Debug|Any CPU.Build.0 = Debug|Any CPU
		{A0AB0EFC-7E7D-4CF1-A723-32CAAADF8204}.Release|Any CPU.ActiveCfg = Release|Any CPU
		{A0AB0EFC-7E7D-4CF1-A723-32CAAADF8204}.Release|Any CPU.Build.0 = Release|Any CPU
		{CD0B4681-07F3-49CE-8787-8EF3CEC4F7CF}.Debug|Any CPU.ActiveCfg = Debug|Any CPU
		{CD0B4681-07F3-49CE-8787-8EF3CEC4F7CF}.Debug|Any CPU.Build.0 = Debug|Any CPU
		{CD0B4681-07F3-49CE-8787-8EF3CEC4F7CF}.Release|Any CPU.ActiveCfg = Release|Any CPU
		{CD0B4681-07F3-49CE-8787-8EF3CEC4F7CF}.Release|Any CPU.Build.0 = Release|Any CPU
	EndGlobalSection
	GlobalSection(SolutionProperties) = preSolution
		HideSolutionNode = FALSE
	EndGlobalSection
	GlobalSection(NestedProjects) = preSolution
		{8EAB08D0-38F2-4477-93B6-E832F6D102F6} = {46DB2E2F-71E2-46AA-849D-60D47B4F3454}
		{2C411A3A-9267-4F99-A3A1-AD550752A2C8} = {D9E8DAF4-0B56-4719-AAD4-0A43ED990CCF}
		{8794AD1D-1A74-4439-9F6F-96EEEBB7759E} = {D9E8DAF4-0B56-4719-AAD4-0A43ED990CCF}
		{46CB7D23-A4B9-476B-99F3-7311F582AF43} = {D9E8DAF4-0B56-4719-AAD4-0A43ED990CCF}
		{ECE4FDC2-5363-40B1-AEEE-2B14ED32B56E} = {2C411A3A-9267-4F99-A3A1-AD550752A2C8}
		{E02E9119-D848-4FF0-A5FB-6AED2462AAC4} = {2C411A3A-9267-4F99-A3A1-AD550752A2C8}
		{69554BA8-BF07-4241-8330-3101C90691B3} = {2C411A3A-9267-4F99-A3A1-AD550752A2C8}
		{1D9AC49C-6261-40B5-87B8-AD74EDF08C30} = {2C411A3A-9267-4F99-A3A1-AD550752A2C8}
		{CBD7EE3A-DDB6-4424-A16B-3200FA57C860} = {EF644272-2C13-4130-84EC-B18C6D09630C}
		{00E313F3-C256-4457-A372-E1EB2F822992} = {46CB7D23-A4B9-476B-99F3-7311F582AF43}
		{563D6243-16AF-4F12-8993-4968607B160D} = {46CB7D23-A4B9-476B-99F3-7311F582AF43}
		{72C40A32-F457-44AC-ADD1-2C19B8A12362} = {46CB7D23-A4B9-476B-99F3-7311F582AF43}
		{F112F28E-EA15-4E93-9997-4307F2DD0FC2} = {46CB7D23-A4B9-476B-99F3-7311F582AF43}
		{A0AB0EFC-7E7D-4CF1-A723-32CAAADF8204} = {EF644272-2C13-4130-84EC-B18C6D09630C}
		{CD0B4681-07F3-49CE-8787-8EF3CEC4F7CF} = {FC4D2233-12FC-417B-93C9-5E4B655A243E}
	EndGlobalSection
	GlobalSection(ExtensibilityGlobals) = postSolution
		SolutionGuid = {56559B28-7E72-45BA-844B-9E4ED1E80490}
	EndGlobalSection
EndGlobal
